// !$*UTF8*$!
{
	archiveVersion = 1;
	classes = {
	};
	objectVersion = 50;
	objects = {

/* Begin PBXBuildFile section */
		CA8483F620AD61200040C1A9 /* AppDelegate.swift in Sources */ = {isa = PBXBuildFile; fileRef = CA8483F520AD61200040C1A9 /* AppDelegate.swift */; };
		CA8483F820AD61200040C1A9 /* ViewController.swift in Sources */ = {isa = PBXBuildFile; fileRef = CA8483F720AD61200040C1A9 /* ViewController.swift */; };
		CA8483FB20AD61200040C1A9 /* Main.storyboard in Resources */ = {isa = PBXBuildFile; fileRef = CA8483F920AD61200040C1A9 /* Main.storyboard */; };
		CA8483FE20AD61200040C1A9 /* TodoExample.xcdatamodeld in Sources */ = {isa = PBXBuildFile; fileRef = CA8483FC20AD61200040C1A9 /* TodoExample.xcdatamodeld */; };
		CA84840020AD61210040C1A9 /* Assets.xcassets in Resources */ = {isa = PBXBuildFile; fileRef = CA8483FF20AD61210040C1A9 /* Assets.xcassets */; };
		CA84840320AD61210040C1A9 /* LaunchScreen.storyboard in Resources */ = {isa = PBXBuildFile; fileRef = CA84840120AD61210040C1A9 /* LaunchScreen.storyboard */; };
		CA84840E20AD61210040C1A9 /* TodoExampleTests.swift in Sources */ = {isa = PBXBuildFile; fileRef = CA84840D20AD61210040C1A9 /* TodoExampleTests.swift */; };
		CA84841920AD61210040C1A9 /* TodoExampleUITests.swift in Sources */ = {isa = PBXBuildFile; fileRef = CA84841820AD61210040C1A9 /* TodoExampleUITests.swift */; };
/* End PBXBuildFile section */

/* Begin PBXContainerItemProxy section */
		CA84840A20AD61210040C1A9 /* PBXContainerItemProxy */ = {
			isa = PBXContainerItemProxy;
			containerPortal = CA8483EA20AD611F0040C1A9 /* Project object */;
			proxyType = 1;
			remoteGlobalIDString = CA8483F120AD611F0040C1A9;
			remoteInfo = TodoExample;
		};
		CA84841520AD61210040C1A9 /* PBXContainerItemProxy */ = {
			isa = PBXContainerItemProxy;
			containerPortal = CA8483EA20AD611F0040C1A9 /* Project object */;
			proxyType = 1;
			remoteGlobalIDString = CA8483F120AD611F0040C1A9;
			remoteInfo = TodoExample;
		};
/* End PBXContainerItemProxy section */

/* Begin PBXFileReference section */
		CA8483F220AD61200040C1A9 /* TodoExample.app */ = {isa = PBXFileReference; explicitFileType = wrapper.application; includeInIndex = 0; path = TodoExample.app; sourceTree = BUILT_PRODUCTS_DIR; };
		CA8483F520AD61200040C1A9 /* AppDelegate.swift */ = {isa = PBXFileReference; lastKnownFileType = sourcecode.swift; path = AppDelegate.swift; sourceTree = "<group>"; };
		CA8483F720AD61200040C1A9 /* ViewController.swift */ = {isa = PBXFileReference; lastKnownFileType = sourcecode.swift; path = ViewController.swift; sourceTree = "<group>"; };
		CA8483FA20AD61200040C1A9 /* Base */ = {isa = PBXFileReference; lastKnownFileType = file.storyboard; name = Base; path = Base.lproj/Main.storyboard; sourceTree = "<group>"; };
		CA8483FD20AD61200040C1A9 /* TodoExample.xcdatamodel */ = {isa = PBXFileReference; lastKnownFileType = wrapper.xcdatamodel; path = TodoExample.xcdatamodel; sourceTree = "<group>"; };
		CA8483FF20AD61210040C1A9 /* Assets.xcassets */ = {isa = PBXFileReference; lastKnownFileType = folder.assetcatalog; path = Assets.xcassets; sourceTree = "<group>"; };
		CA84840220AD61210040C1A9 /* Base */ = {isa = PBXFileReference; lastKnownFileType = file.storyboard; name = Base; path = Base.lproj/LaunchScreen.storyboard; sourceTree = "<group>"; };
		CA84840420AD61210040C1A9 /* Info.plist */ = {isa = PBXFileReference; lastKnownFileType = text.plist.xml; path = Info.plist; sourceTree = "<group>"; };
		CA84840920AD61210040C1A9 /* TodoExampleTests.xctest */ = {isa = PBXFileReference; explicitFileType = wrapper.cfbundle; includeInIndex = 0; path = TodoExampleTests.xctest; sourceTree = BUILT_PRODUCTS_DIR; };
		CA84840D20AD61210040C1A9 /* TodoExampleTests.swift */ = {isa = PBXFileReference; lastKnownFileType = sourcecode.swift; path = TodoExampleTests.swift; sourceTree = "<group>"; };
		CA84840F20AD61210040C1A9 /* Info.plist */ = {isa = PBXFileReference; lastKnownFileType = text.plist.xml; path = Info.plist; sourceTree = "<group>"; };
		CA84841420AD61210040C1A9 /* TodoExampleUITests.xctest */ = {isa = PBXFileReference; explicitFileType = wrapper.cfbundle; includeInIndex = 0; path = TodoExampleUITests.xctest; sourceTree = BUILT_PRODUCTS_DIR; };
		CA84841820AD61210040C1A9 /* TodoExampleUITests.swift */ = {isa = PBXFileReference; lastKnownFileType = sourcecode.swift; path = TodoExampleUITests.swift; sourceTree = "<group>"; };
		CA84841A20AD61210040C1A9 /* Info.plist */ = {isa = PBXFileReference; lastKnownFileType = text.plist.xml; path = Info.plist; sourceTree = "<group>"; };
/* End PBXFileReference section */

/* Begin PBXFrameworksBuildPhase section */
		CA8483EF20AD611F0040C1A9 /* Frameworks */ = {
			isa = PBXFrameworksBuildPhase;
			buildActionMask = 2147483647;
			files = (
			);
			runOnlyForDeploymentPostprocessing = 0;
		};
		CA84840620AD61210040C1A9 /* Frameworks */ = {
			isa = PBXFrameworksBuildPhase;
			buildActionMask = 2147483647;
			files = (
			);
			runOnlyForDeploymentPostprocessing = 0;
		};
		CA84841120AD61210040C1A9 /* Frameworks */ = {
			isa = PBXFrameworksBuildPhase;
			buildActionMask = 2147483647;
			files = (
			);
			runOnlyForDeploymentPostprocessing = 0;
		};
/* End PBXFrameworksBuildPhase section */

/* Begin PBXGroup section */
		CA8483E920AD611F0040C1A9 = {
			isa = PBXGroup;
			children = (
				CA8483F420AD61200040C1A9 /* TodoExample */,
				CA84840C20AD61210040C1A9 /* TodoExampleTests */,
				CA84841720AD61210040C1A9 /* TodoExampleUITests */,
				CA8483F320AD61200040C1A9 /* Products */,
			);
			sourceTree = "<group>";
		};
		CA8483F320AD61200040C1A9 /* Products */ = {
			isa = PBXGroup;
			children = (
				CA8483F220AD61200040C1A9 /* TodoExample.app */,
				CA84840920AD61210040C1A9 /* TodoExampleTests.xctest */,
				CA84841420AD61210040C1A9 /* TodoExampleUITests.xctest */,
			);
			name = Products;
			sourceTree = "<group>";
		};
		CA8483F420AD61200040C1A9 /* TodoExample */ = {
			isa = PBXGroup;
			children = (
				CA8483F520AD61200040C1A9 /* AppDelegate.swift */,
				CA8483F720AD61200040C1A9 /* ViewController.swift */,
				CA8483F920AD61200040C1A9 /* Main.storyboard */,
				CA8483FF20AD61210040C1A9 /* Assets.xcassets */,
				CA84840120AD61210040C1A9 /* LaunchScreen.storyboard */,
				CA84840420AD61210040C1A9 /* Info.plist */,
				CA8483FC20AD61200040C1A9 /* TodoExample.xcdatamodeld */,
			);
			path = TodoExample;
			sourceTree = "<group>";
		};
		CA84840C20AD61210040C1A9 /* TodoExampleTests */ = {
			isa = PBXGroup;
			children = (
				CA84840D20AD61210040C1A9 /* TodoExampleTests.swift */,
				CA84840F20AD61210040C1A9 /* Info.plist */,
			);
			path = TodoExampleTests;
			sourceTree = "<group>";
		};
		CA84841720AD61210040C1A9 /* TodoExampleUITests */ = {
			isa = PBXGroup;
			children = (
				CA84841820AD61210040C1A9 /* TodoExampleUITests.swift */,
				CA84841A20AD61210040C1A9 /* Info.plist */,
			);
			path = TodoExampleUITests;
			sourceTree = "<group>";
		};
/* End PBXGroup section */

/* Begin PBXNativeTarget section */
		CA8483F120AD611F0040C1A9 /* TodoExample */ = {
			isa = PBXNativeTarget;
			buildConfigurationList = CA84841D20AD61210040C1A9 /* Build configuration list for PBXNativeTarget "TodoExample" */;
			buildPhases = (
				CA8483EE20AD611F0040C1A9 /* Sources */,
				CA8483EF20AD611F0040C1A9 /* Frameworks */,
				CA8483F020AD611F0040C1A9 /* Resources */,
			);
			buildRules = (
			);
			dependencies = (
			);
			name = TodoExample;
			productName = TodoExample;
			productReference = CA8483F220AD61200040C1A9 /* TodoExample.app */;
			productType = "com.apple.product-type.application";
		};
		CA84840820AD61210040C1A9 /* TodoExampleTests */ = {
			isa = PBXNativeTarget;
			buildConfigurationList = CA84842020AD61210040C1A9 /* Build configuration list for PBXNativeTarget "TodoExampleTests" */;
			buildPhases = (
				CA84840520AD61210040C1A9 /* Sources */,
				CA84840620AD61210040C1A9 /* Frameworks */,
				CA84840720AD61210040C1A9 /* Resources */,
			);
			buildRules = (
			);
			dependencies = (
				CA84840B20AD61210040C1A9 /* PBXTargetDependency */,
			);
			name = TodoExampleTests;
			productName = TodoExampleTests;
			productReference = CA84840920AD61210040C1A9 /* TodoExampleTests.xctest */;
			productType = "com.apple.product-type.bundle.unit-test";
		};
		CA84841320AD61210040C1A9 /* TodoExampleUITests */ = {
			isa = PBXNativeTarget;
			buildConfigurationList = CA84842320AD61210040C1A9 /* Build configuration list for PBXNativeTarget "TodoExampleUITests" */;
			buildPhases = (
				CA84841020AD61210040C1A9 /* Sources */,
				CA84841120AD61210040C1A9 /* Frameworks */,
				CA84841220AD61210040C1A9 /* Resources */,
			);
			buildRules = (
			);
			dependencies = (
				CA84841620AD61210040C1A9 /* PBXTargetDependency */,
			);
			name = TodoExampleUITests;
			productName = TodoExampleUITests;
			productReference = CA84841420AD61210040C1A9 /* TodoExampleUITests.xctest */;
			productType = "com.apple.product-type.bundle.ui-testing";
		};
/* End PBXNativeTarget section */

/* Begin PBXProject section */
		CA8483EA20AD611F0040C1A9 /* Project object */ = {
			isa = PBXProject;
			attributes = {
				LastSwiftUpdateCheck = 0930;
				LastUpgradeCheck = 0930;
				ORGANIZATIONNAME = yuushimizu;
				TargetAttributes = {
					CA8483F120AD611F0040C1A9 = {
						CreatedOnToolsVersion = 9.3;
					};
					CA84840820AD61210040C1A9 = {
						CreatedOnToolsVersion = 9.3;
						TestTargetID = CA8483F120AD611F0040C1A9;
					};
					CA84841320AD61210040C1A9 = {
						CreatedOnToolsVersion = 9.3;
						TestTargetID = CA8483F120AD611F0040C1A9;
					};
				};
			};
			buildConfigurationList = CA8483ED20AD611F0040C1A9 /* Build configuration list for PBXProject "TodoExample" */;
			compatibilityVersion = "Xcode 9.3";
			developmentRegion = en;
			hasScannedForEncodings = 0;
			knownRegions = (
				en,
				Base,
			);
			mainGroup = CA8483E920AD611F0040C1A9;
			productRefGroup = CA8483F320AD61200040C1A9 /* Products */;
			projectDirPath = "";
			projectRoot = "";
			targets = (
				CA8483F120AD611F0040C1A9 /* TodoExample */,
				CA84840820AD61210040C1A9 /* TodoExampleTests */,
				CA84841320AD61210040C1A9 /* TodoExampleUITests */,
			);
		};
/* End PBXProject section */

/* Begin PBXResourcesBuildPhase section */
		CA8483F020AD611F0040C1A9 /* Resources */ = {
			isa = PBXResourcesBuildPhase;
			buildActionMask = 2147483647;
			files = (
				CA84840320AD61210040C1A9 /* LaunchScreen.storyboard in Resources */,
				CA84840020AD61210040C1A9 /* Assets.xcassets in Resources */,
				CA8483FB20AD61200040C1A9 /* Main.storyboard in Resources */,
			);
			runOnlyForDeploymentPostprocessing = 0;
		};
		CA84840720AD61210040C1A9 /* Resources */ = {
			isa = PBXResourcesBuildPhase;
			buildActionMask = 2147483647;
			files = (
			);
			runOnlyForDeploymentPostprocessing = 0;
		};
		CA84841220AD61210040C1A9 /* Resources */ = {
			isa = PBXResourcesBuildPhase;
			buildActionMask = 2147483647;
			files = (
			);
			runOnlyForDeploymentPostprocessing = 0;
		};
/* End PBXResourcesBuildPhase section */

/* Begin PBXSourcesBuildPhase section */
		CA8483EE20AD611F0040C1A9 /* Sources */ = {
			isa = PBXSourcesBuildPhase;
			buildActionMask = 2147483647;
			files = (
				CA8483F820AD61200040C1A9 /* ViewController.swift in Sources */,
				CA8483FE20AD61200040C1A9 /* TodoExample.xcdatamodeld in Sources */,
				CA8483F620AD61200040C1A9 /* AppDelegate.swift in Sources */,
			);
			runOnlyForDeploymentPostprocessing = 0;
		};
		CA84840520AD61210040C1A9 /* Sources */ = {
			isa = PBXSourcesBuildPhase;
			buildActionMask = 2147483647;
			files = (
				CA84840E20AD61210040C1A9 /* TodoExampleTests.swift in Sources */,
			);
			runOnlyForDeploymentPostprocessing = 0;
		};
		CA84841020AD61210040C1A9 /* Sources */ = {
			isa = PBXSourcesBuildPhase;
			buildActionMask = 2147483647;
			files = (
				CA84841920AD61210040C1A9 /* TodoExampleUITests.swift in Sources */,
			);
			runOnlyForDeploymentPostprocessing = 0;
		};
/* End PBXSourcesBuildPhase section */

/* Begin PBXTargetDependency section */
		CA84840B20AD61210040C1A9 /* PBXTargetDependency */ = {
			isa = PBXTargetDependency;
			target = CA8483F120AD611F0040C1A9 /* TodoExample */;
			targetProxy = CA84840A20AD61210040C1A9 /* PBXContainerItemProxy */;
		};
		CA84841620AD61210040C1A9 /* PBXTargetDependency */ = {
			isa = PBXTargetDependency;
			target = CA8483F120AD611F0040C1A9 /* TodoExample */;
			targetProxy = CA84841520AD61210040C1A9 /* PBXContainerItemProxy */;
		};
/* End PBXTargetDependency section */

/* Begin PBXVariantGroup section */
		CA8483F920AD61200040C1A9 /* Main.storyboard */ = {
			isa = PBXVariantGroup;
			children = (
				CA8483FA20AD61200040C1A9 /* Base */,
			);
			name = Main.storyboard;
			sourceTree = "<group>";
		};
		CA84840120AD61210040C1A9 /* LaunchScreen.storyboard */ = {
			isa = PBXVariantGroup;
			children = (
				CA84840220AD61210040C1A9 /* Base */,
			);
			name = LaunchScreen.storyboard;
			sourceTree = "<group>";
		};
/* End PBXVariantGroup section */

/* Begin XCBuildConfiguration section */
		CA84841B20AD61210040C1A9 /* Debug */ = {
			isa = XCBuildConfiguration;
			buildSettings = {
				ALWAYS_SEARCH_USER_PATHS = NO;
				CLANG_ANALYZER_NONNULL = YES;
				CLANG_ANALYZER_NUMBER_OBJECT_CONVERSION = YES_AGGRESSIVE;
				CLANG_CXX_LANGUAGE_STANDARD = "gnu++14";
				CLANG_CXX_LIBRARY = "libc++";
				CLANG_ENABLE_MODULES = YES;
				CLANG_ENABLE_OBJC_ARC = YES;
				CLANG_ENABLE_OBJC_WEAK = YES;
				CLANG_WARN_BLOCK_CAPTURE_AUTORELEASING = YES;
				CLANG_WARN_BOOL_CONVERSION = YES;
				CLANG_WARN_COMMA = YES;
				CLANG_WARN_CONSTANT_CONVERSION = YES;
				CLANG_WARN_DEPRECATED_OBJC_IMPLEMENTATIONS = YES;
				CLANG_WARN_DIRECT_OBJC_ISA_USAGE = YES_ERROR;
				CLANG_WARN_DOCUMENTATION_COMMENTS = YES;
				CLANG_WARN_EMPTY_BODY = YES;
				CLANG_WARN_ENUM_CONVERSION = YES;
				CLANG_WARN_INFINITE_RECURSION = YES;
				CLANG_WARN_INT_CONVERSION = YES;
				CLANG_WARN_NON_LITERAL_NULL_CONVERSION = YES;
				CLANG_WARN_OBJC_IMPLICIT_RETAIN_SELF = YES;
				CLANG_WARN_OBJC_LITERAL_CONVERSION = YES;
				CLANG_WARN_OBJC_ROOT_CLASS = YES_ERROR;
				CLANG_WARN_RANGE_LOOP_ANALYSIS = YES;
				CLANG_WARN_STRICT_PROTOTYPES = YES;
				CLANG_WARN_SUSPICIOUS_MOVE = YES;
				CLANG_WARN_UNGUARDED_AVAILABILITY = YES_AGGRESSIVE;
				CLANG_WARN_UNREACHABLE_CODE = YES;
				CLANG_WARN__DUPLICATE_METHOD_MATCH = YES;
				CODE_SIGN_IDENTITY = "iPhone Developer";
				COPY_PHASE_STRIP = NO;
				DEBUG_INFORMATION_FORMAT = dwarf;
				ENABLE_STRICT_OBJC_MSGSEND = YES;
				ENABLE_TESTABILITY = YES;
				GCC_C_LANGUAGE_STANDARD = gnu11;
				GCC_DYNAMIC_NO_PIC = NO;
				GCC_NO_COMMON_BLOCKS = YES;
				GCC_OPTIMIZATION_LEVEL = 0;
				GCC_PREPROCESSOR_DEFINITIONS = (
					"DEBUG=1",
					"$(inherited)",
				);
				GCC_WARN_64_TO_32_BIT_CONVERSION = YES;
				GCC_WARN_ABOUT_RETURN_TYPE = YES_ERROR;
				GCC_WARN_UNDECLARED_SELECTOR = YES;
				GCC_WARN_UNINITIALIZED_AUTOS = YES_AGGRESSIVE;
				GCC_WARN_UNUSED_FUNCTION = YES;
				GCC_WARN_UNUSED_VARIABLE = YES;
				IPHONEOS_DEPLOYMENT_TARGET = 11.3;
				MTL_ENABLE_DEBUG_INFO = YES;
				ONLY_ACTIVE_ARCH = YES;
				SDKROOT = iphoneos;
				SWIFT_ACTIVE_COMPILATION_CONDITIONS = DEBUG;
				SWIFT_OPTIMIZATION_LEVEL = "-Onone";
			};
			name = Debug;
		};
		CA84841C20AD61210040C1A9 /* Release */ = {
			isa = XCBuildConfiguration;
			buildSettings = {
				ALWAYS_SEARCH_USER_PATHS = NO;
				CLANG_ANALYZER_NONNULL = YES;
				CLANG_ANALYZER_NUMBER_OBJECT_CONVERSION = YES_AGGRESSIVE;
				CLANG_CXX_LANGUAGE_STANDARD = "gnu++14";
				CLANG_CXX_LIBRARY = "libc++";
				CLANG_ENABLE_MODULES = YES;
				CLANG_ENABLE_OBJC_ARC = YES;
				CLANG_ENABLE_OBJC_WEAK = YES;
				CLANG_WARN_BLOCK_CAPTURE_AUTORELEASING = YES;
				CLANG_WARN_BOOL_CONVERSION = YES;
				CLANG_WARN_COMMA = YES;
				CLANG_WARN_CONSTANT_CONVERSION = YES;
				CLANG_WARN_DEPRECATED_OBJC_IMPLEMENTATIONS = YES;
				CLANG_WARN_DIRECT_OBJC_ISA_USAGE = YES_ERROR;
				CLANG_WARN_DOCUMENTATION_COMMENTS = YES;
				CLANG_WARN_EMPTY_BODY = YES;
				CLANG_WARN_ENUM_CONVERSION = YES;
				CLANG_WARN_INFINITE_RECURSION = YES;
				CLANG_WARN_INT_CONVERSION = YES;
				CLANG_WARN_NON_LITERAL_NULL_CONVERSION = YES;
				CLANG_WARN_OBJC_IMPLICIT_RETAIN_SELF = YES;
				CLANG_WARN_OBJC_LITERAL_CONVERSION = YES;
				CLANG_WARN_OBJC_ROOT_CLASS = YES_ERROR;
				CLANG_WARN_RANGE_LOOP_ANALYSIS = YES;
				CLANG_WARN_STRICT_PROTOTYPES = YES;
				CLANG_WARN_SUSPICIOUS_MOVE = YES;
				CLANG_WARN_UNGUARDED_AVAILABILITY = YES_AGGRESSIVE;
				CLANG_WARN_UNREACHABLE_CODE = YES;
				CLANG_WARN__DUPLICATE_METHOD_MATCH = YES;
				CODE_SIGN_IDENTITY = "iPhone Developer";
				COPY_PHASE_STRIP = NO;
				DEBUG_INFORMATION_FORMAT = "dwarf-with-dsym";
				ENABLE_NS_ASSERTIONS = NO;
				ENABLE_STRICT_OBJC_MSGSEND = YES;
				GCC_C_LANGUAGE_STANDARD = gnu11;
				GCC_NO_COMMON_BLOCKS = YES;
				GCC_WARN_64_TO_32_BIT_CONVERSION = YES;
				GCC_WARN_ABOUT_RETURN_TYPE = YES_ERROR;
				GCC_WARN_UNDECLARED_SELECTOR = YES;
				GCC_WARN_UNINITIALIZED_AUTOS = YES_AGGRESSIVE;
				GCC_WARN_UNUSED_FUNCTION = YES;
				GCC_WARN_UNUSED_VARIABLE = YES;
				IPHONEOS_DEPLOYMENT_TARGET = 11.3;
				MTL_ENABLE_DEBUG_INFO = NO;
				SDKROOT = iphoneos;
				SWIFT_COMPILATION_MODE = wholemodule;
				SWIFT_OPTIMIZATION_LEVEL = "-O";
				VALIDATE_PRODUCT = YES;
			};
			name = Release;
		};
		CA84841E20AD61210040C1A9 /* Debug */ = {
			isa = XCBuildConfiguration;
			buildSettings = {
				ASSETCATALOG_COMPILER_APPICON_NAME = AppIcon;
				CODE_SIGN_STYLE = Automatic;
				DEVELOPMENT_TEAM = 5P5PV7TR8N;
				INFOPLIST_FILE = TodoExample/Info.plist;
				LD_RUNPATH_SEARCH_PATHS = (
					"$(inherited)",
					"@executable_path/Frameworks",
				);
				PRODUCT_BUNDLE_IDENTIFIER = com.yuushimizu.TodoExample;
				PRODUCT_NAME = "$(TARGET_NAME)";
				SWIFT_VERSION = 4.0;
				TARGETED_DEVICE_FAMILY = "1,2";
			};
			name = Debug;
		};
		CA84841F20AD61210040C1A9 /* Release */ = {
			isa = XCBuildConfiguration;
			buildSettings = {
				ASSETCATALOG_COMPILER_APPICON_NAME = AppIcon;
				CODE_SIGN_STYLE = Automatic;
				DEVELOPMENT_TEAM = 5P5PV7TR8N;
				INFOPLIST_FILE = TodoExample/Info.plist;
				LD_RUNPATH_SEARCH_PATHS = (
					"$(inherited)",
					"@executable_path/Frameworks",
				);
				PRODUCT_BUNDLE_IDENTIFIER = com.yuushimizu.TodoExample;
				PRODUCT_NAME = "$(TARGET_NAME)";
				SWIFT_VERSION = 4.0;
				TARGETED_DEVICE_FAMILY = "1,2";
			};
			name = Release;
		};
		CA84842120AD61210040C1A9 /* Debug */ = {
			isa = XCBuildConfiguration;
			buildSettings = {
				ALWAYS_EMBED_SWIFT_STANDARD_LIBRARIES = YES;
				BUNDLE_LOADER = "$(TEST_HOST)";
				CODE_SIGN_STYLE = Automatic;
				DEVELOPMENT_TEAM = 5P5PV7TR8N;
				INFOPLIST_FILE = TodoExampleTests/Info.plist;
				LD_RUNPATH_SEARCH_PATHS = (
					"$(inherited)",
					"@executable_path/Frameworks",
					"@loader_path/Frameworks",
				);
				PRODUCT_BUNDLE_IDENTIFIER = com.yuushimizu.TodoExampleTests;
				PRODUCT_NAME = "$(TARGET_NAME)";
				SWIFT_VERSION = 4.0;
				TARGETED_DEVICE_FAMILY = "1,2";
				TEST_HOST = "$(BUILT_PRODUCTS_DIR)/TodoExample.app/TodoExample";
			};
			name = Debug;
		};
		CA84842220AD61210040C1A9 /* Release */ = {
			isa = XCBuildConfiguration;
			buildSettings = {
				ALWAYS_EMBED_SWIFT_STANDARD_LIBRARIES = YES;
				BUNDLE_LOADER = "$(TEST_HOST)";
				CODE_SIGN_STYLE = Automatic;
				DEVELOPMENT_TEAM = 5P5PV7TR8N;
				INFOPLIST_FILE = TodoExampleTests/Info.plist;
				LD_RUNPATH_SEARCH_PATHS = (
					"$(inherited)",
					"@executable_path/Frameworks",
					"@loader_path/Frameworks",
				);
				PRODUCT_BUNDLE_IDENTIFIER = com.yuushimizu.TodoExampleTests;
				PRODUCT_NAME = "$(TARGET_NAME)";
				SWIFT_VERSION = 4.0;
				TARGETED_DEVICE_FAMILY = "1,2";
				TEST_HOST = "$(BUILT_PRODUCTS_DIR)/TodoExample.app/TodoExample";
			};
			name = Release;
		};
		CA84842420AD61210040C1A9 /* Debug */ = {
			isa = XCBuildConfiguration;
			buildSettings = {
				ALWAYS_EMBED_SWIFT_STANDARD_LIBRARIES = YES;
				CODE_SIGN_STYLE = Automatic;
				DEVELOPMENT_TEAM = 5P5PV7TR8N;
				INFOPLIST_FILE = TodoExampleUITests/Info.plist;
				LD_RUNPATH_SEARCH_PATHS = (
					"$(inherited)",
					"@executable_path/Frameworks",
					"@loader_path/Frameworks",
				);
				PRODUCT_BUNDLE_IDENTIFIER = com.yuushimizu.TodoExampleUITests;
				PRODUCT_NAME = "$(TARGET_NAME)";
				SWIFT_VERSION = 4.0;
				TARGETED_DEVICE_FAMILY = "1,2";
				TEST_TARGET_NAME = TodoExample;
			};
			name = Debug;
		};
		CA84842520AD61210040C1A9 /* Release */ = {
			isa = XCBuildConfiguration;
			buildSettings = {
				ALWAYS_EMBED_SWIFT_STANDARD_LIBRARIES = YES;
				CODE_SIGN_STYLE = Automatic;
				DEVELOPMENT_TEAM = 5P5PV7TR8N;
				INFOPLIST_FILE = TodoExampleUITests/Info.plist;
				LD_RUNPATH_SEARCH_PATHS = (
					"$(inherited)",
					"@executable_path/Frameworks",
					"@loader_path/Frameworks",
				);
				PRODUCT_BUNDLE_IDENTIFIER = com.yuushimizu.TodoExampleUITests;
				PRODUCT_NAME = "$(TARGET_NAME)";
				SWIFT_VERSION = 4.0;
				TARGETED_DEVICE_FAMILY = "1,2";
				TEST_TARGET_NAME = TodoExample;
			};
			name = Release;
		};
/* End XCBuildConfiguration section */

/* Begin XCConfigurationList section */
		CA8483ED20AD611F0040C1A9 /* Build configuration list for PBXProject "TodoExample" */ = {
			isa = XCConfigurationList;
			buildConfigurations = (
				CA84841B20AD61210040C1A9 /* Debug */,
				CA84841C20AD61210040C1A9 /* Release */,
			);
			defaultConfigurationIsVisible = 0;
			defaultConfigurationName = Release;
		};
		CA84841D20AD61210040C1A9 /* Build configuration list for PBXNativeTarget "TodoExample" */ = {
			isa = XCConfigurationList;
			buildConfigurations = (
				CA84841E20AD61210040C1A9 /* Debug */,
				CA84841F20AD61210040C1A9 /* Release */,
			);
			defaultConfigurationIsVisible = 0;
			defaultConfigurationName = Release;
		};
		CA84842020AD61210040C1A9 /* Build configuration list for PBXNativeTarget "TodoExampleTests" */ = {
			isa = XCConfigurationList;
			buildConfigurations = (
				CA84842120AD61210040C1A9 /* Debug */,
				CA84842220AD61210040C1A9 /* Release */,
			);
			defaultConfigurationIsVisible = 0;
			defaultConfigurationName = Release;
		};
		CA84842320AD61210040C1A9 /* Build configuration list for PBXNativeTarget "TodoExampleUITests" */ = {
			isa = XCConfigurationList;
			buildConfigurations = (
				CA84842420AD61210040C1A9 /* Debug */,
				CA84842520AD61210040C1A9 /* Release */,
			);
			defaultConfigurationIsVisible = 0;
			defaultConfigurationName = Release;
		};
/* End XCConfigurationList section */

/* Begin XCVersionGroup section */
		CA8483FC20AD61200040C1A9 /* TodoExample.xcdatamodeld */ = {
			isa = XCVersionGroup;
			children = (
				CA8483FD20AD61200040C1A9 /* TodoExample.xcdatamodel */,
			);
			currentVersion = CA8483FD20AD61200040C1A9 /* TodoExample.xcdatamodel */;
			path = TodoExample.xcdatamodeld;
			sourceTree = "<group>";
			versionGroupType = wrapper.xcdatamodel;
		};
/* End XCVersionGroup section */
	};
	rootObject = CA8483EA20AD611F0040C1A9 /* Project object */;
}
